
Microsoft Visual Studio Solution File, Format Version 12.00
# Visual Studio Version 17
VisualStudioVersion = 17.1.32228.430
MinimumVisualStudioVersion = 10.0.40219.1
Project("{FAE04EC0-301F-11D3-BF4B-00C04F79EFBC}") = "DnDShopWebsite", "DnDShopWebsite\DnDShopWebsite.csproj", "{C8E947A5-AA40-4CBB-A556-27562E91ACA0}"
EndProject
Global
	GlobalSection(SolutionConfigurationPlatforms) = preSolution
		Debug|Any CPU = Debug|Any CPU
		Release|Any CPU = Release|Any CPU
	EndGlobalSection
	GlobalSection(ProjectConfigurationPlatforms) = postSolution
		{C8E947A5-AA40-4CBB-A556-27562E91ACA0}.Debug|Any CPU.ActiveCfg = Debug|Any CPU
		{C8E947A5-AA40-4CBB-A556-27562E91ACA0}.Debug|Any CPU.Build.0 = Debug|Any CPU
		{C8E947A5-AA40-4CBB-A556-27562E91ACA0}.Release|Any CPU.ActiveCfg = Release|Any CPU
		{C8E947A5-AA40-4CBB-A556-27562E91ACA0}.Release|Any CPU.Build.0 = Release|Any CPU
	EndGlobalSection
	GlobalSection(SolutionProperties) = preSolution
		HideSolutionNode = FALSE
	EndGlobalSection
	GlobalSection(ExtensibilityGlobals) = postSolution
		SolutionGuid = {2F5C4BE6-EF41-44CD-8D40-E69AF9B4278B}
	EndGlobalSection
EndGlobal
