
Microsoft Visual Studio Solution File, Format Version 12.00
# Visual Studio Version 17
VisualStudioVersion = 17.3.32922.545
MinimumVisualStudioVersion = 10.0.40219.1
Project("{FAE04EC0-301F-11D3-BF4B-00C04F79EFBC}") = "DnDAPI", "DnDAPI\DnDAPI.csproj", "{AAE7E971-3F4D-4A40-92F1-6835FE682ED3}"
EndProject
Global
	GlobalSection(SolutionConfigurationPlatforms) = preSolution
		Debug|Any CPU = Debug|Any CPU
		Release|Any CPU = Release|Any CPU
	EndGlobalSection
	GlobalSection(ProjectConfigurationPlatforms) = postSolution
		{AAE7E971-3F4D-4A40-92F1-6835FE682ED3}.Debug|Any CPU.ActiveCfg = Debug|Any CPU
		{AAE7E971-3F4D-4A40-92F1-6835FE682ED3}.Debug|Any CPU.Build.0 = Debug|Any CPU
		{AAE7E971-3F4D-4A40-92F1-6835FE682ED3}.Release|Any CPU.ActiveCfg = Release|Any CPU
		{AAE7E971-3F4D-4A40-92F1-6835FE682ED3}.Release|Any CPU.Build.0 = Release|Any CPU
	EndGlobalSection
	GlobalSection(SolutionProperties) = preSolution
		HideSolutionNode = FALSE
	EndGlobalSection
	GlobalSection(ExtensibilityGlobals) = postSolution
		SolutionGuid = {A255E7B4-6DD6-4E24-8A76-D53E4367BA9B}
	EndGlobalSection
EndGlobal
